
Microsoft Visual Studio Solution File, Format Version 12.00
# Visual Studio Version 17
VisualStudioVersion = 17.9.34607.119
MinimumVisualStudioVersion = 10.0.40219.1
Project("{FAE04EC0-301F-11D3-BF4B-00C04F79EFBC}") = "SistemaInventarioV7", "SistemaInventarioV7\SistemaInventarioV7.csproj", "{D96C71BD-8B5F-49FA-9428-18AAECA192AA}"
EndProject
Global
	GlobalSection(SolutionConfigurationPlatforms) = preSolution
		Debug|Any CPU = Debug|Any CPU
		Release|Any CPU = Release|Any CPU
	EndGlobalSection
	GlobalSection(ProjectConfigurationPlatforms) = postSolution
		{D96C71BD-8B5F-49FA-9428-18AAECA192AA}.Debug|Any CPU.ActiveCfg = Debug|Any CPU
		{D96C71BD-8B5F-49FA-9428-18AAECA192AA}.Debug|Any CPU.Build.0 = Debug|Any CPU
		{D96C71BD-8B5F-49FA-9428-18AAECA192AA}.Release|Any CPU.ActiveCfg = Release|Any CPU
		{D96C71BD-8B5F-49FA-9428-18AAECA192AA}.Release|Any CPU.Build.0 = Release|Any CPU
	EndGlobalSection
	GlobalSection(SolutionProperties) = preSolution
		HideSolutionNode = FALSE
	EndGlobalSection
	GlobalSection(ExtensibilityGlobals) = postSolution
		SolutionGuid = {8FA595E0-EEF5-4846-B598-7C6D07DC01B0}
	EndGlobalSection
EndGlobal
